PODS:
  - DateToolsSwift (5.0.0)
  - Floaty (4.2.0)
  - OAuthSwift (2.1.0)
  - Realm (10.1.4):
    - Realm/Headers (= 10.1.4)
  - Realm/Headers (10.1.4)
  - RealmSwift (10.1.4):
    - Realm (= 10.1.4)
  - WebLinking (2.0.0)

DEPENDENCIES:
  - DateToolsSwift
  - Floaty
  - OAuthSwift (from `https://github.com/aquarla/OAuthSwift.git`, branch `ochamochi`)
  - RealmSwift (= 10.1.4)
  - WebLinking (from `https://github.com/kylef-archive/WebLinking.swift/`, branch `master`)

SPEC REPOS:
  trunk:
    - DateToolsSwift
    - Floaty
    - Realm
    - RealmSwift

EXTERNAL SOURCES:
  OAuthSwift:
    :branch: ochamochi
    :git: https://github.com/aquarla/OAuthSwift.git
  WebLinking:
    :branch: master
    :git: https://github.com/kylef-archive/WebLinking.swift/

CHECKOUT OPTIONS:
  OAuthSwift:
    :commit: 5704cbe417532f3f566d584672858e6099d7c914
    :git: https://github.com/aquarla/OAuthSwift.git
  WebLinking:
    :commit: de630b3e552c7a9d576c90f3d40237be8f976de6
    :git: https://github.com/kylef-archive/WebLinking.swift/

SPEC CHECKSUMS:
  DateToolsSwift: 4207ada6ad615d8dc076323d27037c94916dbfa6
  Floaty: e2bd5a0f6f7f70899e26ff2da31081c8bee8d1b0
  OAuthSwift: b65415797d860d0a25c7d178250cfb8cec4b83bf
  Realm: 80f4fb2971ccb9adc27a47d0955ae8e533a7030b
  RealmSwift: 0e566ca714edb377bba8ea0811eafcea0b93734e
  WebLinking: a2ffdedbc8741b6cc490a3a06b747f7b528d6b7b

PODFILE CHECKSUM: ac626984934a11d3dd0ea274154d6197c37304d5

COCOAPODS: 1.10.1
