PODS:
  - DateToolsSwift (4.0.0)
  - Floaty (4.0.0)
  - OAuthSwift (1.1.2)
  - Realm (3.2.0):
    - Realm/Headers (= 3.2.0)
  - Realm/Headers (3.2.0)
  - RealmSwift (3.2.0):
    - Realm (= 3.2.0)
  - WebLinking (2.0.0)

DEPENDENCIES:
  - DateToolsSwift
  - Floaty
  - OAuthSwift (from `https://github.com/aquarla/OAuthSwift.git`, branch `ochamochi`)
  - RealmSwift (= 3.2.0)
  - WebLinking

EXTERNAL SOURCES:
  OAuthSwift:
    :branch: ochamochi
    :git: https://github.com/aquarla/OAuthSwift.git

CHECKOUT OPTIONS:
  OAuthSwift:
    :commit: 9fc2bf33b75e8cda18f9ed669344459699ec6b0e
    :git: https://github.com/aquarla/OAuthSwift.git

SPEC CHECKSUMS:
  DateToolsSwift: 875d97ff9e3a5d54abdd67a269b3f51c757b71ab
  Floaty: 4f88811bbf08521807f42355db6a9c0db85d5d78
  OAuthSwift: a4e5e5563971918dbfb9701aff6db0bf278d0ada
  Realm: ae552b9b9eca3a12374a589fa842f220e286a80a
  RealmSwift: 05727129547dcab3fe828bd87bc30be903736b9c
  WebLinking: b476999d59f78bd6649e6754d60693a7d147b00c

PODFILE CHECKSUM: 7dcee25f38f6b6337a00d3fdb20d960f00d0b1bc

COCOAPODS: 1.4.0
